github.com/checkpoint-restore/go-criu/v7 v7.1.0 h1:JbQyO4o+P8ycNTMLPiiDqXg49bAcy4WljWCzYQho35A=
github.com/checkpoint-restore/go-criu/v7 v7.1.0/go.mod h1:1svAtmbtvX4BKI45OFzgoTTLG7oYFKdColv/Vcsb2A8=
google.golang.org/protobuf v1.32.0 h1:pPC6BG5ex8PDFnkbrGU3EixyhKcQ2aDuBS36lqK/C7I=
google.golang.org/protobuf v1.32.0/go.mod h1:c6P6GXX6sHbq/GpV6MGZEdwhWPcYBgnhAHhKbcUYpos=
